// !$*UTF8*$!
{
	archiveVersion = 1;
	classes = {
	};
	objectVersion = 56;
	objects = {

/* Begin PBXBuildFile section */
		04366F1F2A16338600C9227F /* RunDetailView.swift in Sources */ = {isa = PBXBuildFile; fileRef = 04366F1E2A16338600C9227F /* RunDetailView.swift */; };
		04366F212A1633A700C9227F /* RunDetailViewController.swift in Sources */ = {isa = PBXBuildFile; fileRef = 04366F202A1633A700C9227F /* RunDetailViewController.swift */; };
		0441F0D62A07EA890079EE99 /* ChaseApp.swift in Sources */ = {isa = PBXBuildFile; fileRef = 0441F0D52A07EA890079EE99 /* ChaseApp.swift */; };
		0441F0D82A07EA890079EE99 /* ContentView.swift in Sources */ = {isa = PBXBuildFile; fileRef = 0441F0D72A07EA890079EE99 /* ContentView.swift */; };
		0441F0DA2A07EA8A0079EE99 /* Assets.xcassets in Resources */ = {isa = PBXBuildFile; fileRef = 0441F0D92A07EA8A0079EE99 /* Assets.xcassets */; };
		0441F0DD2A07EA8A0079EE99 /* Preview Assets.xcassets in Resources */ = {isa = PBXBuildFile; fileRef = 0441F0DC2A07EA8A0079EE99 /* Preview Assets.xcassets */; };
		0441F0DF2A07EA8A0079EE99 /* Persistence.swift in Sources */ = {isa = PBXBuildFile; fileRef = 0441F0DE2A07EA8A0079EE99 /* Persistence.swift */; };
		0441F0E22A07EA8A0079EE99 /* Chase.xcdatamodeld in Sources */ = {isa = PBXBuildFile; fileRef = 0441F0E02A07EA8A0079EE99 /* Chase.xcdatamodeld */; };
		0441F0F32A07FDFB0079EE99 /* NewRunView.swift in Sources */ = {isa = PBXBuildFile; fileRef = 0441F0F22A07FDFB0079EE99 /* NewRunView.swift */; };
		0499A8A72A0F1F8A00447FD2 /* LocationManager.swift in Sources */ = {isa = PBXBuildFile; fileRef = 0499A8A62A0F1F8A00447FD2 /* LocationManager.swift */; };
		0499A8AA2A0F1FAF00447FD2 /* FormatDisplay.swift in Sources */ = {isa = PBXBuildFile; fileRef = 0499A8A82A0F1FAF00447FD2 /* FormatDisplay.swift */; };
		0499A8AB2A0F1FAF00447FD2 /* UnitExtensions.swift in Sources */ = {isa = PBXBuildFile; fileRef = 0499A8A92A0F1FAF00447FD2 /* UnitExtensions.swift */; };
		0499A8AD2A0F217C00447FD2 /* HomeView.swift in Sources */ = {isa = PBXBuildFile; fileRef = 0499A8AC2A0F217C00447FD2 /* HomeView.swift */; };
		0499A8B32A0F842D00447FD2 /* MapView.swift in Sources */ = {isa = PBXBuildFile; fileRef = 0499A8B22A0F842D00447FD2 /* MapView.swift */; };
		0499A8B52A0F846E00447FD2 /* NewRunViewController.swift in Sources */ = {isa = PBXBuildFile; fileRef = 0499A8B42A0F846E00447FD2 /* NewRunViewController.swift */; };
		0499A8B72A0FDDEB00447FD2 /* HomeViewController.swift in Sources */ = {isa = PBXBuildFile; fileRef = 0499A8B62A0FDDEB00447FD2 /* HomeViewController.swift */; };
/* End PBXBuildFile section */

/* Begin PBXFileReference section */
		04366F1E2A16338600C9227F /* RunDetailView.swift */ = {isa = PBXFileReference; lastKnownFileType = sourcecode.swift; path = RunDetailView.swift; sourceTree = "<group>"; };
		04366F202A1633A700C9227F /* RunDetailViewController.swift */ = {isa = PBXFileReference; lastKnownFileType = sourcecode.swift; path = RunDetailViewController.swift; sourceTree = "<group>"; };
		0441F0D22A07EA890079EE99 /* Chase.app */ = {isa = PBXFileReference; explicitFileType = wrapper.application; includeInIndex = 0; path = Chase.app; sourceTree = BUILT_PRODUCTS_DIR; };
		0441F0D52A07EA890079EE99 /* ChaseApp.swift */ = {isa = PBXFileReference; lastKnownFileType = sourcecode.swift; path = ChaseApp.swift; sourceTree = "<group>"; };
		0441F0D72A07EA890079EE99 /* ContentView.swift */ = {isa = PBXFileReference; lastKnownFileType = sourcecode.swift; path = ContentView.swift; sourceTree = "<group>"; };
		0441F0D92A07EA8A0079EE99 /* Assets.xcassets */ = {isa = PBXFileReference; lastKnownFileType = folder.assetcatalog; path = Assets.xcassets; sourceTree = "<group>"; };
		0441F0DC2A07EA8A0079EE99 /* Preview Assets.xcassets */ = {isa = PBXFileReference; lastKnownFileType = folder.assetcatalog; path = "Preview Assets.xcassets"; sourceTree = "<group>"; };
		0441F0DE2A07EA8A0079EE99 /* Persistence.swift */ = {isa = PBXFileReference; lastKnownFileType = sourcecode.swift; path = Persistence.swift; sourceTree = "<group>"; };
		0441F0E12A07EA8A0079EE99 /* Chase.xcdatamodel */ = {isa = PBXFileReference; lastKnownFileType = wrapper.xcdatamodel; path = Chase.xcdatamodel; sourceTree = "<group>"; };
		0441F0EE2A07F99D0079EE99 /* Info.plist */ = {isa = PBXFileReference; lastKnownFileType = text.plist.xml; path = Info.plist; sourceTree = "<group>"; };
		0441F0F22A07FDFB0079EE99 /* NewRunView.swift */ = {isa = PBXFileReference; lastKnownFileType = sourcecode.swift; path = NewRunView.swift; sourceTree = "<group>"; };
		0499A8A62A0F1F8A00447FD2 /* LocationManager.swift */ = {isa = PBXFileReference; fileEncoding = 4; lastKnownFileType = sourcecode.swift; path = LocationManager.swift; sourceTree = "<group>"; };
		0499A8A82A0F1FAF00447FD2 /* FormatDisplay.swift */ = {isa = PBXFileReference; fileEncoding = 4; lastKnownFileType = sourcecode.swift; path = FormatDisplay.swift; sourceTree = "<group>"; };
		0499A8A92A0F1FAF00447FD2 /* UnitExtensions.swift */ = {isa = PBXFileReference; fileEncoding = 4; lastKnownFileType = sourcecode.swift; path = UnitExtensions.swift; sourceTree = "<group>"; };
		0499A8AC2A0F217C00447FD2 /* HomeView.swift */ = {isa = PBXFileReference; lastKnownFileType = sourcecode.swift; path = HomeView.swift; sourceTree = "<group>"; };
		0499A8B22A0F842D00447FD2 /* MapView.swift */ = {isa = PBXFileReference; lastKnownFileType = sourcecode.swift; path = MapView.swift; sourceTree = "<group>"; };
		0499A8B42A0F846E00447FD2 /* NewRunViewController.swift */ = {isa = PBXFileReference; lastKnownFileType = sourcecode.swift; path = NewRunViewController.swift; sourceTree = "<group>"; };
		0499A8B62A0FDDEB00447FD2 /* HomeViewController.swift */ = {isa = PBXFileReference; lastKnownFileType = sourcecode.swift; path = HomeViewController.swift; sourceTree = "<group>"; };
/* End PBXFileReference section */

/* Begin PBXFrameworksBuildPhase section */
		0441F0CF2A07EA890079EE99 /* Frameworks */ = {
			isa = PBXFrameworksBuildPhase;
			buildActionMask = 2147483647;
			files = (
			);
			runOnlyForDeploymentPostprocessing = 0;
		};
/* End PBXFrameworksBuildPhase section */

/* Begin PBXGroup section */
		0441F0C92A07EA890079EE99 = {
			isa = PBXGroup;
			children = (
				0441F0D42A07EA890079EE99 /* Chase */,
				0441F0D32A07EA890079EE99 /* Products */,
			);
			sourceTree = "<group>";
		};
		0441F0D32A07EA890079EE99 /* Products */ = {
			isa = PBXGroup;
			children = (
				0441F0D22A07EA890079EE99 /* Chase.app */,
			);
			name = Products;
			sourceTree = "<group>";
		};
		0441F0D42A07EA890079EE99 /* Chase */ = {
			isa = PBXGroup;
			children = (
				0441F0EE2A07F99D0079EE99 /* Info.plist */,
				0499A8AF2A0F82DB00447FD2 /* Core Data */,
				0499A8AE2A0F82A200447FD2 /* Util */,
				0441F0EF2A07FD870079EE99 /* Views */,
				0441F0D52A07EA890079EE99 /* ChaseApp.swift */,
				0441F0D92A07EA8A0079EE99 /* Assets.xcassets */,
				0441F0DB2A07EA8A0079EE99 /* Preview Content */,
			);
			path = Chase;
			sourceTree = "<group>";
		};
		0441F0DB2A07EA8A0079EE99 /* Preview Content */ = {
			isa = PBXGroup;
			children = (
				0441F0DC2A07EA8A0079EE99 /* Preview Assets.xcassets */,
			);
			path = "Preview Content";
			sourceTree = "<group>";
		};
		0441F0EF2A07FD870079EE99 /* Views */ = {
			isa = PBXGroup;
			children = (
				0441F0D72A07EA890079EE99 /* ContentView.swift */,
				0499A8B62A0FDDEB00447FD2 /* HomeViewController.swift */,
				0499A8AC2A0F217C00447FD2 /* HomeView.swift */,
				0499A8B42A0F846E00447FD2 /* NewRunViewController.swift */,
				0441F0F22A07FDFB0079EE99 /* NewRunView.swift */,
				0499A8B22A0F842D00447FD2 /* MapView.swift */,
				04366F1E2A16338600C9227F /* RunDetailView.swift */,
				04366F202A1633A700C9227F /* RunDetailViewController.swift */,
			);
			path = Views;
			sourceTree = "<group>";
		};
		0499A8AE2A0F82A200447FD2 /* Util */ = {
			isa = PBXGroup;
			children = (
				0499A8A62A0F1F8A00447FD2 /* LocationManager.swift */,
				0499A8A82A0F1FAF00447FD2 /* FormatDisplay.swift */,
				0499A8A92A0F1FAF00447FD2 /* UnitExtensions.swift */,
			);
			path = Util;
			sourceTree = "<group>";
		};
		0499A8AF2A0F82DB00447FD2 /* Core Data */ = {
			isa = PBXGroup;
			children = (
				0441F0E02A07EA8A0079EE99 /* Chase.xcdatamodeld */,
				0441F0DE2A07EA8A0079EE99 /* Persistence.swift */,
			);
			path = "Core Data";
			sourceTree = "<group>";
		};
/* End PBXGroup section */

/* Begin PBXNativeTarget section */
		0441F0D12A07EA890079EE99 /* Chase */ = {
			isa = PBXNativeTarget;
			buildConfigurationList = 0441F0E52A07EA8A0079EE99 /* Build configuration list for PBXNativeTarget "Chase" */;
			buildPhases = (
				0441F0CE2A07EA890079EE99 /* Sources */,
				0441F0CF2A07EA890079EE99 /* Frameworks */,
				0441F0D02A07EA890079EE99 /* Resources */,
			);
			buildRules = (
			);
			dependencies = (
			);
			name = Chase;
			productName = Chase;
			productReference = 0441F0D22A07EA890079EE99 /* Chase.app */;
			productType = "com.apple.product-type.application";
		};
/* End PBXNativeTarget section */

/* Begin PBXProject section */
		0441F0CA2A07EA890079EE99 /* Project object */ = {
			isa = PBXProject;
			attributes = {
				BuildIndependentTargetsInParallel = 1;
				LastSwiftUpdateCheck = 1420;
				LastUpgradeCheck = 1420;
				TargetAttributes = {
					0441F0D12A07EA890079EE99 = {
						CreatedOnToolsVersion = 14.2;
					};
				};
			};
			buildConfigurationList = 0441F0CD2A07EA890079EE99 /* Build configuration list for PBXProject "Chase" */;
			compatibilityVersion = "Xcode 14.0";
			developmentRegion = en;
			hasScannedForEncodings = 0;
			knownRegions = (
				en,
				Base,
			);
			mainGroup = 0441F0C92A07EA890079EE99;
			productRefGroup = 0441F0D32A07EA890079EE99 /* Products */;
			projectDirPath = "";
			projectRoot = "";
			targets = (
				0441F0D12A07EA890079EE99 /* Chase */,
			);
		};
/* End PBXProject section */

/* Begin PBXResourcesBuildPhase section */
		0441F0D02A07EA890079EE99 /* Resources */ = {
			isa = PBXResourcesBuildPhase;
			buildActionMask = 2147483647;
			files = (
				0441F0DD2A07EA8A0079EE99 /* Preview Assets.xcassets in Resources */,
				0441F0DA2A07EA8A0079EE99 /* Assets.xcassets in Resources */,
			);
			runOnlyForDeploymentPostprocessing = 0;
		};
/* End PBXResourcesBuildPhase section */

/* Begin PBXSourcesBuildPhase section */
		0441F0CE2A07EA890079EE99 /* Sources */ = {
			isa = PBXSourcesBuildPhase;
			buildActionMask = 2147483647;
			files = (
				0441F0DF2A07EA8A0079EE99 /* Persistence.swift in Sources */,
				04366F212A1633A700C9227F /* RunDetailViewController.swift in Sources */,
				0499A8B32A0F842D00447FD2 /* MapView.swift in Sources */,
				0499A8AB2A0F1FAF00447FD2 /* UnitExtensions.swift in Sources */,
				0499A8A72A0F1F8A00447FD2 /* LocationManager.swift in Sources */,
				0499A8AD2A0F217C00447FD2 /* HomeView.swift in Sources */,
				04366F1F2A16338600C9227F /* RunDetailView.swift in Sources */,
				0441F0D82A07EA890079EE99 /* ContentView.swift in Sources */,
				0441F0E22A07EA8A0079EE99 /* Chase.xcdatamodeld in Sources */,
				0499A8B52A0F846E00447FD2 /* NewRunViewController.swift in Sources */,
				0499A8AA2A0F1FAF00447FD2 /* FormatDisplay.swift in Sources */,
				0441F0F32A07FDFB0079EE99 /* NewRunView.swift in Sources */,
				0441F0D62A07EA890079EE99 /* ChaseApp.swift in Sources */,
				0499A8B72A0FDDEB00447FD2 /* HomeViewController.swift in Sources */,
			);
			runOnlyForDeploymentPostprocessing = 0;
		};
/* End PBXSourcesBuildPhase section */

/* Begin XCBuildConfiguration section */
		0441F0E32A07EA8A0079EE99 /* Debug */ = {
			isa = XCBuildConfiguration;
			buildSettings = {
				ALWAYS_SEARCH_USER_PATHS = NO;
				CLANG_ANALYZER_NONNULL = YES;
				CLANG_ANALYZER_NUMBER_OBJECT_CONVERSION = YES_AGGRESSIVE;
				CLANG_CXX_LANGUAGE_STANDARD = "gnu++20";
				CLANG_ENABLE_MODULES = YES;
				CLANG_ENABLE_OBJC_ARC = YES;
				CLANG_ENABLE_OBJC_WEAK = YES;
				CLANG_WARN_BLOCK_CAPTURE_AUTORELEASING = YES;
				CLANG_WARN_BOOL_CONVERSION = YES;
				CLANG_WARN_COMMA = YES;
				CLANG_WARN_CONSTANT_CONVERSION = YES;
				CLANG_WARN_DEPRECATED_OBJC_IMPLEMENTATIONS = YES;
				CLANG_WARN_DIRECT_OBJC_ISA_USAGE = YES_ERROR;
				CLANG_WARN_DOCUMENTATION_COMMENTS = YES;
				CLANG_WARN_EMPTY_BODY = YES;
				CLANG_WARN_ENUM_CONVERSION = YES;
				CLANG_WARN_INFINITE_RECURSION = YES;
				CLANG_WARN_INT_CONVERSION = YES;
				CLANG_WARN_NON_LITERAL_NULL_CONVERSION = YES;
				CLANG_WARN_OBJC_IMPLICIT_RETAIN_SELF = YES;
				CLANG_WARN_OBJC_LITERAL_CONVERSION = YES;
				CLANG_WARN_OBJC_ROOT_CLASS = YES_ERROR;
				CLANG_WARN_QUOTED_INCLUDE_IN_FRAMEWORK_HEADER = YES;
				CLANG_WARN_RANGE_LOOP_ANALYSIS = YES;
				CLANG_WARN_STRICT_PROTOTYPES = YES;
				CLANG_WARN_SUSPICIOUS_MOVE = YES;
				CLANG_WARN_UNGUARDED_AVAILABILITY = YES_AGGRESSIVE;
				CLANG_WARN_UNREACHABLE_CODE = YES;
				CLANG_WARN__DUPLICATE_METHOD_MATCH = YES;
				COPY_PHASE_STRIP = NO;
				DEBUG_INFORMATION_FORMAT = dwarf;
				ENABLE_STRICT_OBJC_MSGSEND = YES;
				ENABLE_TESTABILITY = YES;
				GCC_C_LANGUAGE_STANDARD = gnu11;
				GCC_DYNAMIC_NO_PIC = NO;
				GCC_NO_COMMON_BLOCKS = YES;
				GCC_OPTIMIZATION_LEVEL = 0;
				GCC_PREPROCESSOR_DEFINITIONS = (
					"DEBUG=1",
					"$(inherited)",
				);
				GCC_WARN_64_TO_32_BIT_CONVERSION = YES;
				GCC_WARN_ABOUT_RETURN_TYPE = YES_ERROR;
				GCC_WARN_UNDECLARED_SELECTOR = YES;
				GCC_WARN_UNINITIALIZED_AUTOS = YES_AGGRESSIVE;
				GCC_WARN_UNUSED_FUNCTION = YES;
				GCC_WARN_UNUSED_VARIABLE = YES;
				IPHONEOS_DEPLOYMENT_TARGET = 16.2;
				MTL_ENABLE_DEBUG_INFO = INCLUDE_SOURCE;
				MTL_FAST_MATH = YES;
				ONLY_ACTIVE_ARCH = YES;
				SDKROOT = iphoneos;
				SWIFT_ACTIVE_COMPILATION_CONDITIONS = DEBUG;
				SWIFT_OPTIMIZATION_LEVEL = "-Onone";
			};
			name = Debug;
		};
		0441F0E42A07EA8A0079EE99 /* Release */ = {
			isa = XCBuildConfiguration;
			buildSettings = {
				ALWAYS_SEARCH_USER_PATHS = NO;
				CLANG_ANALYZER_NONNULL = YES;
				CLANG_ANALYZER_NUMBER_OBJECT_CONVERSION = YES_AGGRESSIVE;
				CLANG_CXX_LANGUAGE_STANDARD = "gnu++20";
				CLANG_ENABLE_MODULES = YES;
				CLANG_ENABLE_OBJC_ARC = YES;
				CLANG_ENABLE_OBJC_WEAK = YES;
				CLANG_WARN_BLOCK_CAPTURE_AUTORELEASING = YES;
				CLANG_WARN_BOOL_CONVERSION = YES;
				CLANG_WARN_COMMA = YES;
				CLANG_WARN_CONSTANT_CONVERSION = YES;
				CLANG_WARN_DEPRECATED_OBJC_IMPLEMENTATIONS = YES;
				CLANG_WARN_DIRECT_OBJC_ISA_USAGE = YES_ERROR;
				CLANG_WARN_DOCUMENTATION_COMMENTS = YES;
				CLANG_WARN_EMPTY_BODY = YES;
				CLANG_WARN_ENUM_CONVERSION = YES;
				CLANG_WARN_INFINITE_RECURSION = YES;
				CLANG_WARN_INT_CONVERSION = YES;
				CLANG_WARN_NON_LITERAL_NULL_CONVERSION = YES;
				CLANG_WARN_OBJC_IMPLICIT_RETAIN_SELF = YES;
				CLANG_WARN_OBJC_LITERAL_CONVERSION = YES;
				CLANG_WARN_OBJC_ROOT_CLASS = YES_ERROR;
				CLANG_WARN_QUOTED_INCLUDE_IN_FRAMEWORK_HEADER = YES;
				CLANG_WARN_RANGE_LOOP_ANALYSIS = YES;
				CLANG_WARN_STRICT_PROTOTYPES = YES;
				CLANG_WARN_SUSPICIOUS_MOVE = YES;
				CLANG_WARN_UNGUARDED_AVAILABILITY = YES_AGGRESSIVE;
				CLANG_WARN_UNREACHABLE_CODE = YES;
				CLANG_WARN__DUPLICATE_METHOD_MATCH = YES;
				COPY_PHASE_STRIP = NO;
				DEBUG_INFORMATION_FORMAT = "dwarf-with-dsym";
				ENABLE_NS_ASSERTIONS = NO;
				ENABLE_STRICT_OBJC_MSGSEND = YES;
				GCC_C_LANGUAGE_STANDARD = gnu11;
				GCC_NO_COMMON_BLOCKS = YES;
				GCC_WARN_64_TO_32_BIT_CONVERSION = YES;
				GCC_WARN_ABOUT_RETURN_TYPE = YES_ERROR;
				GCC_WARN_UNDECLARED_SELECTOR = YES;
				GCC_WARN_UNINITIALIZED_AUTOS = YES_AGGRESSIVE;
				GCC_WARN_UNUSED_FUNCTION = YES;
				GCC_WARN_UNUSED_VARIABLE = YES;
				IPHONEOS_DEPLOYMENT_TARGET = 16.2;
				MTL_ENABLE_DEBUG_INFO = NO;
				MTL_FAST_MATH = YES;
				SDKROOT = iphoneos;
				SWIFT_COMPILATION_MODE = wholemodule;
				SWIFT_OPTIMIZATION_LEVEL = "-O";
				VALIDATE_PRODUCT = YES;
			};
			name = Release;
		};
		0441F0E62A07EA8A0079EE99 /* Debug */ = {
			isa = XCBuildConfiguration;
			buildSettings = {
				ASSETCATALOG_COMPILER_APPICON_NAME = AppIcon;
				ASSETCATALOG_COMPILER_GLOBAL_ACCENT_COLOR_NAME = AccentColor;
				CODE_SIGN_STYLE = Automatic;
				CURRENT_PROJECT_VERSION = 1;
				DEVELOPMENT_ASSET_PATHS = "\"Chase/Preview Content\"";
				DEVELOPMENT_TEAM = 592BA54XZ3;
				ENABLE_PREVIEWS = YES;
				GENERATE_INFOPLIST_FILE = YES;
				INFOPLIST_FILE = Chase/Info.plist;
				INFOPLIST_KEY_UIApplicationSceneManifest_Generation = YES;
				INFOPLIST_KEY_UIApplicationSupportsIndirectInputEvents = YES;
				INFOPLIST_KEY_UILaunchScreen_Generation = YES;
				INFOPLIST_KEY_UISupportedInterfaceOrientations_iPad = "UIInterfaceOrientationPortrait UIInterfaceOrientationPortraitUpsideDown UIInterfaceOrientationLandscapeLeft UIInterfaceOrientationLandscapeRight";
				INFOPLIST_KEY_UISupportedInterfaceOrientations_iPhone = "UIInterfaceOrientationPortrait UIInterfaceOrientationLandscapeLeft UIInterfaceOrientationLandscapeRight";
				LD_RUNPATH_SEARCH_PATHS = (
					"$(inherited)",
					"@executable_path/Frameworks",
				);
				MARKETING_VERSION = 1.0;
				PRODUCT_BUNDLE_IDENTIFIER = nicholas.Chase;
				PRODUCT_NAME = "$(TARGET_NAME)";
				SWIFT_EMIT_LOC_STRINGS = YES;
				SWIFT_VERSION = 5.0;
				TARGETED_DEVICE_FAMILY = "1,2";
			};
			name = Debug;
		};
		0441F0E72A07EA8A0079EE99 /* Release */ = {
			isa = XCBuildConfiguration;
			buildSettings = {
				ASSETCATALOG_COMPILER_APPICON_NAME = AppIcon;
				ASSETCATALOG_COMPILER_GLOBAL_ACCENT_COLOR_NAME = AccentColor;
				CODE_SIGN_STYLE = Automatic;
				CURRENT_PROJECT_VERSION = 1;
				DEVELOPMENT_ASSET_PATHS = "\"Chase/Preview Content\"";
				DEVELOPMENT_TEAM = 592BA54XZ3;
				ENABLE_PREVIEWS = YES;
				GENERATE_INFOPLIST_FILE = YES;
				INFOPLIST_FILE = Chase/Info.plist;
				INFOPLIST_KEY_UIApplicationSceneManifest_Generation = YES;
				INFOPLIST_KEY_UIApplicationSupportsIndirectInputEvents = YES;
				INFOPLIST_KEY_UILaunchScreen_Generation = YES;
				INFOPLIST_KEY_UISupportedInterfaceOrientations_iPad = "UIInterfaceOrientationPortrait UIInterfaceOrientationPortraitUpsideDown UIInterfaceOrientationLandscapeLeft UIInterfaceOrientationLandscapeRight";
				INFOPLIST_KEY_UISupportedInterfaceOrientations_iPhone = "UIInterfaceOrientationPortrait UIInterfaceOrientationLandscapeLeft UIInterfaceOrientationLandscapeRight";
				LD_RUNPATH_SEARCH_PATHS = (
					"$(inherited)",
					"@executable_path/Frameworks",
				);
				MARKETING_VERSION = 1.0;
				PRODUCT_BUNDLE_IDENTIFIER = nicholas.Chase;
				PRODUCT_NAME = "$(TARGET_NAME)";
				SWIFT_EMIT_LOC_STRINGS = YES;
				SWIFT_VERSION = 5.0;
				TARGETED_DEVICE_FAMILY = "1,2";
			};
			name = Release;
		};
/* End XCBuildConfiguration section */

/* Begin XCConfigurationList section */
		0441F0CD2A07EA890079EE99 /* Build configuration list for PBXProject "Chase" */ = {
			isa = XCConfigurationList;
			buildConfigurations = (
				0441F0E32A07EA8A0079EE99 /* Debug */,
				0441F0E42A07EA8A0079EE99 /* Release */,
			);
			defaultConfigurationIsVisible = 0;
			defaultConfigurationName = Release;
		};
		0441F0E52A07EA8A0079EE99 /* Build configuration list for PBXNativeTarget "Chase" */ = {
			isa = XCConfigurationList;
			buildConfigurations = (
				0441F0E62A07EA8A0079EE99 /* Debug */,
				0441F0E72A07EA8A0079EE99 /* Release */,
			);
			defaultConfigurationIsVisible = 0;
			defaultConfigurationName = Release;
		};
/* End XCConfigurationList section */

/* Begin XCVersionGroup section */
		0441F0E02A07EA8A0079EE99 /* Chase.xcdatamodeld */ = {
			isa = XCVersionGroup;
			children = (
				0441F0E12A07EA8A0079EE99 /* Chase.xcdatamodel */,
			);
			currentVersion = 0441F0E12A07EA8A0079EE99 /* Chase.xcdatamodel */;
			path = Chase.xcdatamodeld;
			sourceTree = "<group>";
			versionGroupType = wrapper.xcdatamodel;
		};
/* End XCVersionGroup section */
	};
	rootObject = 0441F0CA2A07EA890079EE99 /* Project object */;
}
